
Microsoft Visual Studio Solution File, Format Version 12.00
# Visual Studio Version 16
VisualStudioVersion = 16.0.29411.108
MinimumVisualStudioVersion = 10.0.40219.1
Project("{FAE04EC0-301F-11D3-BF4B-00C04F79EFBC}") = "DecoratorDesignPattern", "DecoratorDesignPattern\DecoratorDesignPattern.csproj", "{EBE67B09-2DC1-4534-B9F4-D009D48FD976}"
EndProject
Global
	GlobalSection(SolutionConfigurationPlatforms) = preSolution
		Debug|Any CPU = Debug|Any CPU
		Release|Any CPU = Release|Any CPU
	EndGlobalSection
	GlobalSection(ProjectConfigurationPlatforms) = postSolution
		{EBE67B09-2DC1-4534-B9F4-D009D48FD976}.Debug|Any CPU.ActiveCfg = Debug|Any CPU
		{EBE67B09-2DC1-4534-B9F4-D009D48FD976}.Debug|Any CPU.Build.0 = Debug|Any CPU
		{EBE67B09-2DC1-4534-B9F4-D009D48FD976}.Release|Any CPU.ActiveCfg = Release|Any CPU
		{EBE67B09-2DC1-4534-B9F4-D009D48FD976}.Release|Any CPU.Build.0 = Release|Any CPU
	EndGlobalSection
	GlobalSection(SolutionProperties) = preSolution
		HideSolutionNode = FALSE
	EndGlobalSection
	GlobalSection(ExtensibilityGlobals) = postSolution
		SolutionGuid = {AB5DD41B-FBD2-492D-AA04-A2E02D5A538A}
	EndGlobalSection
EndGlobal
